
Microsoft Visual Studio Solution File, Format Version 12.00
# Visual Studio 15
VisualStudioVersion = 15.0.27703.2035
MinimumVisualStudioVersion = 10.0.40219.1
Project("{FAE04EC0-301F-11D3-BF4B-00C04F79EFBC}") = "PigeonholerV2", "PigeonholerV2\PigeonholerV2.csproj", "{8B0F74F8-D745-4FD1-A5CC-7EA7B6F4DDE9}"
EndProject
Global
	GlobalSection(SolutionConfigurationPlatforms) = preSolution
		Debug|Any CPU = Debug|Any CPU
		Release|Any CPU = Release|Any CPU
	EndGlobalSection
	GlobalSection(ProjectConfigurationPlatforms) = postSolution
		{8B0F74F8-D745-4FD1-A5CC-7EA7B6F4DDE9}.Debug|Any CPU.ActiveCfg = Debug|Any CPU
		{8B0F74F8-D745-4FD1-A5CC-7EA7B6F4DDE9}.Debug|Any CPU.Build.0 = Debug|Any CPU
		{8B0F74F8-D745-4FD1-A5CC-7EA7B6F4DDE9}.Release|Any CPU.ActiveCfg = Release|Any CPU
		{8B0F74F8-D745-4FD1-A5CC-7EA7B6F4DDE9}.Release|Any CPU.Build.0 = Release|Any CPU
	EndGlobalSection
	GlobalSection(SolutionProperties) = preSolution
		HideSolutionNode = FALSE
	EndGlobalSection
	GlobalSection(ExtensibilityGlobals) = postSolution
		SolutionGuid = {69F7B2A6-078B-4556-9B90-4EBE34633157}
	EndGlobalSection
EndGlobal
